
Microsoft Visual Studio Solution File, Format Version 12.00
# Visual Studio Version 16
VisualStudioVersion = 16.0.30717.126
MinimumVisualStudioVersion = 10.0.40219.1
Project("{888888A0-9F3D-457C-B088-3A5042F75D52}") = "Love21", "Love21.pyproj", "{58ACE944-28E4-4DFF-A9A6-CE504A438991}"
EndProject
Global
	GlobalSection(SolutionConfigurationPlatforms) = preSolution
		Debug|Any CPU = Debug|Any CPU
		Release|Any CPU = Release|Any CPU
	EndGlobalSection
	GlobalSection(ProjectConfigurationPlatforms) = postSolution
		{58ACE944-28E4-4DFF-A9A6-CE504A438991}.Debug|Any CPU.ActiveCfg = Debug|Any CPU
		{58ACE944-28E4-4DFF-A9A6-CE504A438991}.Release|Any CPU.ActiveCfg = Release|Any CPU
	EndGlobalSection
	GlobalSection(SolutionProperties) = preSolution
		HideSolutionNode = FALSE
	EndGlobalSection
	GlobalSection(ExtensibilityGlobals) = postSolution
		SolutionGuid = {D0144851-90AF-4C54-A10E-690229E22AF4}
	EndGlobalSection
EndGlobal
